
Microsoft Visual Studio Solution File, Format Version 12.00
# Visual Studio Version 17
VisualStudioVersion = 17.8.34330.188
MinimumVisualStudioVersion = 10.0.40219.1
Project("{FAE04EC0-301F-11D3-BF4B-00C04F79EFBC}") = "eTickets", "eTickets\eTickets.csproj", "{D35B7718-872D-4871-8ED3-1AFDBF1F577B}"
EndProject
Global
	GlobalSection(SolutionConfigurationPlatforms) = preSolution
		Debug|Any CPU = Debug|Any CPU
		Release|Any CPU = Release|Any CPU
	EndGlobalSection
	GlobalSection(ProjectConfigurationPlatforms) = postSolution
		{D35B7718-872D-4871-8ED3-1AFDBF1F577B}.Debug|Any CPU.ActiveCfg = Debug|Any CPU
		{D35B7718-872D-4871-8ED3-1AFDBF1F577B}.Debug|Any CPU.Build.0 = Debug|Any CPU
		{D35B7718-872D-4871-8ED3-1AFDBF1F577B}.Release|Any CPU.ActiveCfg = Release|Any CPU
		{D35B7718-872D-4871-8ED3-1AFDBF1F577B}.Release|Any CPU.Build.0 = Release|Any CPU
	EndGlobalSection
	GlobalSection(SolutionProperties) = preSolution
		HideSolutionNode = FALSE
	EndGlobalSection
	GlobalSection(ExtensibilityGlobals) = postSolution
		SolutionGuid = {7DF13CA2-A9F5-4081-A6DE-5E788738A096}
	EndGlobalSection
EndGlobal
